// !$*UTF8*$!
{
	archiveVersion = 1;
	classes = {
	};
	objectVersion = 46;
	objects = {

/* Begin PBXBuildFile section */
		2E5BAE6A1C8EED42001E3CAE /* AppDelegate.swift in Sources */ = {isa = PBXBuildFile; fileRef = 2E5BAE691C8EED42001E3CAE /* AppDelegate.swift */; };
		2E5BAE6C1C8EED42001E3CAE /* ViewController.swift in Sources */ = {isa = PBXBuildFile; fileRef = 2E5BAE6B1C8EED42001E3CAE /* ViewController.swift */; };
		2E5BAE6F1C8EED42001E3CAE /* Main.storyboard in Resources */ = {isa = PBXBuildFile; fileRef = 2E5BAE6D1C8EED42001E3CAE /* Main.storyboard */; };
		2E5BAE711C8EED42001E3CAE /* Assets.xcassets in Resources */ = {isa = PBXBuildFile; fileRef = 2E5BAE701C8EED42001E3CAE /* Assets.xcassets */; };
		2E5BAE741C8EED42001E3CAE /* LaunchScreen.storyboard in Resources */ = {isa = PBXBuildFile; fileRef = 2E5BAE721C8EED42001E3CAE /* LaunchScreen.storyboard */; };
/* End PBXBuildFile section */

/* Begin PBXFileReference section */
		2E5BAE661C8EED42001E3CAE /* Weather.app */ = {isa = PBXFileReference; explicitFileType = wrapper.application; includeInIndex = 0; path = Weather.app; sourceTree = BUILT_PRODUCTS_DIR; };
		2E5BAE691C8EED42001E3CAE /* AppDelegate.swift */ = {isa = PBXFileReference; lastKnownFileType = sourcecode.swift; path = AppDelegate.swift; sourceTree = "<group>"; };
		2E5BAE6B1C8EED42001E3CAE /* ViewController.swift */ = {isa = PBXFileReference; lastKnownFileType = sourcecode.swift; path = ViewController.swift; sourceTree = "<group>"; };
		2E5BAE6E1C8EED42001E3CAE /* Base */ = {isa = PBXFileReference; lastKnownFileType = file.storyboard; name = Base; path = Base.lproj/Main.storyboard; sourceTree = "<group>"; };
		2E5BAE701C8EED42001E3CAE /* Assets.xcassets */ = {isa = PBXFileReference; lastKnownFileType = folder.assetcatalog; path = Assets.xcassets; sourceTree = "<group>"; };
		2E5BAE731C8EED42001E3CAE /* Base */ = {isa = PBXFileReference; lastKnownFileType = file.storyboard; name = Base; path = Base.lproj/LaunchScreen.storyboard; sourceTree = "<group>"; };
		2E5BAE751C8EED42001E3CAE /* Info.plist */ = {isa = PBXFileReference; lastKnownFileType = text.plist.xml; path = Info.plist; sourceTree = "<group>"; };
/* End PBXFileReference section */

/* Begin PBXFrameworksBuildPhase section */
		2E5BAE631C8EED42001E3CAE /* Frameworks */ = {
			isa = PBXFrameworksBuildPhase;
			buildActionMask = 2147483647;
			files = (
			);
			runOnlyForDeploymentPostprocessing = 0;
		};
/* End PBXFrameworksBuildPhase section */

/* Begin PBXGroup section */
		2E5BAE5D1C8EED42001E3CAE = {
			isa = PBXGroup;
			children = (
				2E5BAE681C8EED42001E3CAE /* Weather */,
				2E5BAE671C8EED42001E3CAE /* Products */,
			);
			sourceTree = "<group>";
		};
		2E5BAE671C8EED42001E3CAE /* Products */ = {
			isa = PBXGroup;
			children = (
				2E5BAE661C8EED42001E3CAE /* Weather.app */,
			);
			name = Products;
			sourceTree = "<group>";
		};
		2E5BAE681C8EED42001E3CAE /* Weather */ = {
			isa = PBXGroup;
			children = (
				2E5BAE691C8EED42001E3CAE /* AppDelegate.swift */,
				2E5BAE6B1C8EED42001E3CAE /* ViewController.swift */,
				2E5BAE6D1C8EED42001E3CAE /* Main.storyboard */,
				2E5BAE701C8EED42001E3CAE /* Assets.xcassets */,
				2E5BAE721C8EED42001E3CAE /* LaunchScreen.storyboard */,
				2E5BAE751C8EED42001E3CAE /* Info.plist */,
			);
			path = Weather;
			sourceTree = "<group>";
		};
/* End PBXGroup section */

/* Begin PBXNativeTarget section */
		2E5BAE651C8EED42001E3CAE /* Weather */ = {
			isa = PBXNativeTarget;
			buildConfigurationList = 2E5BAE781C8EED42001E3CAE /* Build configuration list for PBXNativeTarget "Weather" */;
			buildPhases = (
				2E5BAE621C8EED42001E3CAE /* Sources */,
				2E5BAE631C8EED42001E3CAE /* Frameworks */,
				2E5BAE641C8EED42001E3CAE /* Resources */,
			);
			buildRules = (
			);
			dependencies = (
			);
			name = Weather;
			productName = Weather;
			productReference = 2E5BAE661C8EED42001E3CAE /* Weather.app */;
			productType = "com.apple.product-type.application";
		};
/* End PBXNativeTarget section */

/* Begin PBXProject section */
		2E5BAE5E1C8EED42001E3CAE /* Project object */ = {
			isa = PBXProject;
			attributes = {
				LastSwiftUpdateCheck = 0720;
				LastUpgradeCheck = 0720;
				ORGANIZATIONNAME = Nishapp;
				TargetAttributes = {
					2E5BAE651C8EED42001E3CAE = {
						CreatedOnToolsVersion = 7.2.1;
						DevelopmentTeam = JM2DN3FB2G;
					};
				};
			};
			buildConfigurationList = 2E5BAE611C8EED42001E3CAE /* Build configuration list for PBXProject "Weather" */;
			compatibilityVersion = "Xcode 3.2";
			developmentRegion = English;
			hasScannedForEncodings = 0;
			knownRegions = (
				en,
				Base,
			);
			mainGroup = 2E5BAE5D1C8EED42001E3CAE;
			productRefGroup = 2E5BAE671C8EED42001E3CAE /* Products */;
			projectDirPath = "";
			projectRoot = "";
			targets = (
				2E5BAE651C8EED42001E3CAE /* Weather */,
			);
		};
/* End PBXProject section */

/* Begin PBXResourcesBuildPhase section */
		2E5BAE641C8EED42001E3CAE /* Resources */ = {
			isa = PBXResourcesBuildPhase;
			buildActionMask = 2147483647;
			files = (
				2E5BAE741C8EED42001E3CAE /* LaunchScreen.storyboard in Resources */,
				2E5BAE711C8EED42001E3CAE /* Assets.xcassets in Resources */,
				2E5BAE6F1C8EED42001E3CAE /* Main.storyboard in Resources */,
			);
			runOnlyForDeploymentPostprocessing = 0;
		};
/* End PBXResourcesBuildPhase section */

/* Begin PBXSourcesBuildPhase section */
		2E5BAE621C8EED42001E3CAE /* Sources */ = {
			isa = PBXSourcesBuildPhase;
			buildActionMask = 2147483647;
			files = (
				2E5BAE6C1C8EED42001E3CAE /* ViewController.swift in Sources */,
				2E5BAE6A1C8EED42001E3CAE /* AppDelegate.swift in Sources */,
			);
			runOnlyForDeploymentPostprocessing = 0;
		};
/* End PBXSourcesBuildPhase section */

/* Begin PBXVariantGroup section */
		2E5BAE6D1C8EED42001E3CAE /* Main.storyboard */ = {
			isa = PBXVariantGroup;
			children = (
				2E5BAE6E1C8EED42001E3CAE /* Base */,
			);
			name = Main.storyboard;
			sourceTree = "<group>";
		};
		2E5BAE721C8EED42001E3CAE /* LaunchScreen.storyboard */ = {
			isa = PBXVariantGroup;
			children = (
				2E5BAE731C8EED42001E3CAE /* Base */,
			);
			name = LaunchScreen.storyboard;
			sourceTree = "<group>";
		};
/* End PBXVariantGroup section */

/* Begin XCBuildConfiguration section */
		2E5BAE761C8EED42001E3CAE /* Debug */ = {
			isa = XCBuildConfiguration;
			buildSettings = {
				ALWAYS_SEARCH_USER_PATHS = NO;
				CLANG_CXX_LANGUAGE_STANDARD = "gnu++0x";
				CLANG_CXX_LIBRARY = "libc++";
				CLANG_ENABLE_MODULES = YES;
				CLANG_ENABLE_OBJC_ARC = YES;
				CLANG_WARN_BOOL_CONVERSION = YES;
				CLANG_WARN_CONSTANT_CONVERSION = YES;
				CLANG_WARN_DIRECT_OBJC_ISA_USAGE = YES_ERROR;
				CLANG_WARN_EMPTY_BODY = YES;
				CLANG_WARN_ENUM_CONVERSION = YES;
				CLANG_WARN_INT_CONVERSION = YES;
				CLANG_WARN_OBJC_ROOT_CLASS = YES_ERROR;
				CLANG_WARN_UNREACHABLE_CODE = YES;
				CLANG_WARN__DUPLICATE_METHOD_MATCH = YES;
				"CODE_SIGN_IDENTITY[sdk=iphoneos*]" = "iPhone Developer";
				COPY_PHASE_STRIP = NO;
				DEBUG_INFORMATION_FORMAT = dwarf;
				ENABLE_STRICT_OBJC_MSGSEND = YES;
				ENABLE_TESTABILITY = YES;
				GCC_C_LANGUAGE_STANDARD = gnu99;
				GCC_DYNAMIC_NO_PIC = NO;
				GCC_NO_COMMON_BLOCKS = YES;
				GCC_OPTIMIZATION_LEVEL = 0;
				GCC_PREPROCESSOR_DEFINITIONS = (
					"DEBUG=1",
					"$(inherited)",
				);
				GCC_WARN_64_TO_32_BIT_CONVERSION = YES;
				GCC_WARN_ABOUT_RETURN_TYPE = YES_ERROR;
				GCC_WARN_UNDECLARED_SELECTOR = YES;
				GCC_WARN_UNINITIALIZED_AUTOS = YES_AGGRESSIVE;
				GCC_WARN_UNUSED_FUNCTION = YES;
				GCC_WARN_UNUSED_VARIABLE = YES;
				IPHONEOS_DEPLOYMENT_TARGET = 9.2;
				MTL_ENABLE_DEBUG_INFO = YES;
				ONLY_ACTIVE_ARCH = YES;
				SDKROOT = iphoneos;
				SWIFT_OPTIMIZATION_LEVEL = "-Onone";
				TARGETED_DEVICE_FAMILY = "1,2";
			};
			name = Debug;
		};
		2E5BAE771C8EED42001E3CAE /* Release */ = {
			isa = XCBuildConfiguration;
			buildSettings = {
				ALWAYS_SEARCH_USER_PATHS = NO;
				CLANG_CXX_LANGUAGE_STANDARD = "gnu++0x";
				CLANG_CXX_LIBRARY = "libc++";
				CLANG_ENABLE_MODULES = YES;
				CLANG_ENABLE_OBJC_ARC = YES;
				CLANG_WARN_BOOL_CONVERSION = YES;
				CLANG_WARN_CONSTANT_CONVERSION = YES;
				CLANG_WARN_DIRECT_OBJC_ISA_USAGE = YES_ERROR;
				CLANG_WARN_EMPTY_BODY = YES;
				CLANG_WARN_ENUM_CONVERSION = YES;
				CLANG_WARN_INT_CONVERSION = YES;
				CLANG_WARN_OBJC_ROOT_CLASS = YES_ERROR;
				CLANG_WARN_UNREACHABLE_CODE = YES;
				CLANG_WARN__DUPLICATE_METHOD_MATCH = YES;
				"CODE_SIGN_IDENTITY[sdk=iphoneos*]" = "iPhone Developer";
				COPY_PHASE_STRIP = NO;
				DEBUG_INFORMATION_FORMAT = "dwarf-with-dsym";
				ENABLE_NS_ASSERTIONS = NO;
				ENABLE_STRICT_OBJC_MSGSEND = YES;
				GCC_C_LANGUAGE_STANDARD = gnu99;
				GCC_NO_COMMON_BLOCKS = YES;
				GCC_WARN_64_TO_32_BIT_CONVERSION = YES;
				GCC_WARN_ABOUT_RETURN_TYPE = YES_ERROR;
				GCC_WARN_UNDECLARED_SELECTOR = YES;
				GCC_WARN_UNINITIALIZED_AUTOS = YES_AGGRESSIVE;
				GCC_WARN_UNUSED_FUNCTION = YES;
				GCC_WARN_UNUSED_VARIABLE = YES;
				IPHONEOS_DEPLOYMENT_TARGET = 9.2;
				MTL_ENABLE_DEBUG_INFO = NO;
				SDKROOT = iphoneos;
				TARGETED_DEVICE_FAMILY = "1,2";
				VALIDATE_PRODUCT = YES;
			};
			name = Release;
		};
		2E5BAE791C8EED42001E3CAE /* Debug */ = {
			isa = XCBuildConfiguration;
			buildSettings = {
				ASSETCATALOG_COMPILER_APPICON_NAME = AppIcon;
				INFOPLIST_FILE = Weather/Info.plist;
				LD_RUNPATH_SEARCH_PATHS = "$(inherited) @executable_path/Frameworks";
				PRODUCT_BUNDLE_IDENTIFIER = com.Nishapp.Weather;
				PRODUCT_NAME = "$(TARGET_NAME)";
			};
			name = Debug;
		};
		2E5BAE7A1C8EED42001E3CAE /* Release */ = {
			isa = XCBuildConfiguration;
			buildSettings = {
				ASSETCATALOG_COMPILER_APPICON_NAME = AppIcon;
				INFOPLIST_FILE = Weather/Info.plist;
				LD_RUNPATH_SEARCH_PATHS = "$(inherited) @executable_path/Frameworks";
				PRODUCT_BUNDLE_IDENTIFIER = com.Nishapp.Weather;
				PRODUCT_NAME = "$(TARGET_NAME)";
			};
			name = Release;
		};
/* End XCBuildConfiguration section */

/* Begin XCConfigurationList section */
		2E5BAE611C8EED42001E3CAE /* Build configuration list for PBXProject "Weather" */ = {
			isa = XCConfigurationList;
			buildConfigurations = (
				2E5BAE761C8EED42001E3CAE /* Debug */,
				2E5BAE771C8EED42001E3CAE /* Release */,
			);
			defaultConfigurationIsVisible = 0;
			defaultConfigurationName = Release;
		};
		2E5BAE781C8EED42001E3CAE /* Build configuration list for PBXNativeTarget "Weather" */ = {
			isa = XCConfigurationList;
			buildConfigurations = (
				2E5BAE791C8EED42001E3CAE /* Debug */,
				2E5BAE7A1C8EED42001E3CAE /* Release */,
			);
			defaultConfigurationIsVisible = 0;
		};
/* End XCConfigurationList section */
	};
	rootObject = 2E5BAE5E1C8EED42001E3CAE /* Project object */;
}
